
Microsoft Visual Studio Solution File, Format Version 12.00
# Visual Studio 15
VisualStudioVersion = 15.0.27130.2010
MinimumVisualStudioVersion = 10.0.40219.1
Project("{8BC9CEB8-8B4A-11D0-8D11-00A0C91BC942}") = "Тетрис", "Тетрис\Тетрис.vcxproj", "{16BD6EB4-8B83-4540-A932-DB2879E2A04D}"
EndProject
Global
	GlobalSection(SolutionConfigurationPlatforms) = preSolution
		Debug|x64 = Debug|x64
		Debug|x86 = Debug|x86
		Release|x64 = Release|x64
		Release|x86 = Release|x86
	EndGlobalSection
	GlobalSection(ProjectConfigurationPlatforms) = postSolution
		{16BD6EB4-8B83-4540-A932-DB2879E2A04D}.Debug|x64.ActiveCfg = Debug|x64
		{16BD6EB4-8B83-4540-A932-DB2879E2A04D}.Debug|x64.Build.0 = Debug|x64
		{16BD6EB4-8B83-4540-A932-DB2879E2A04D}.Debug|x86.ActiveCfg = Debug|Win32
		{16BD6EB4-8B83-4540-A932-DB2879E2A04D}.Debug|x86.Build.0 = Debug|Win32
		{16BD6EB4-8B83-4540-A932-DB2879E2A04D}.Release|x64.ActiveCfg = Release|x64
		{16BD6EB4-8B83-4540-A932-DB2879E2A04D}.Release|x64.Build.0 = Release|x64
		{16BD6EB4-8B83-4540-A932-DB2879E2A04D}.Release|x86.ActiveCfg = Release|Win32
		{16BD6EB4-8B83-4540-A932-DB2879E2A04D}.Release|x86.Build.0 = Release|Win32
	EndGlobalSection
	GlobalSection(SolutionProperties) = preSolution
		HideSolutionNode = FALSE
	EndGlobalSection
	GlobalSection(ExtensibilityGlobals) = postSolution
		SolutionGuid = {A540DA96-96E9-4E23-894F-18DCBEE3E079}
	EndGlobalSection
EndGlobal
